
Microsoft Visual Studio Solution File, Format Version 12.00
# Visual Studio 15
VisualStudioVersion = 15.0.28307.329
MinimumVisualStudioVersion = 10.0.40219.1
Project("{9A19103F-16F7-4668-BE54-9A1E7A4F7556}") = "TODOHTTPApi", "TODOHTTPApi\TODOHTTPApi.csproj", "{015084B9-F3C4-48A7-B9E4-C3A5794A0268}"
EndProject
Project("{9A19103F-16F7-4668-BE54-9A1E7A4F7556}") = "ListOfTasks", "ListOfTasks\ListOfTasks.csproj", "{50CCE377-9779-498E-920F-16E418624276}"
EndProject
Global
	GlobalSection(SolutionConfigurationPlatforms) = preSolution
		Debug|Any CPU = Debug|Any CPU
		Release|Any CPU = Release|Any CPU
	EndGlobalSection
	GlobalSection(ProjectConfigurationPlatforms) = postSolution
		{015084B9-F3C4-48A7-B9E4-C3A5794A0268}.Debug|Any CPU.ActiveCfg = Debug|Any CPU
		{015084B9-F3C4-48A7-B9E4-C3A5794A0268}.Debug|Any CPU.Build.0 = Debug|Any CPU
		{015084B9-F3C4-48A7-B9E4-C3A5794A0268}.Release|Any CPU.ActiveCfg = Release|Any CPU
		{015084B9-F3C4-48A7-B9E4-C3A5794A0268}.Release|Any CPU.Build.0 = Release|Any CPU
		{50CCE377-9779-498E-920F-16E418624276}.Debug|Any CPU.ActiveCfg = Debug|Any CPU
		{50CCE377-9779-498E-920F-16E418624276}.Debug|Any CPU.Build.0 = Debug|Any CPU
		{50CCE377-9779-498E-920F-16E418624276}.Release|Any CPU.ActiveCfg = Release|Any CPU
		{50CCE377-9779-498E-920F-16E418624276}.Release|Any CPU.Build.0 = Release|Any CPU
	EndGlobalSection
	GlobalSection(SolutionProperties) = preSolution
		HideSolutionNode = FALSE
	EndGlobalSection
	GlobalSection(ExtensibilityGlobals) = postSolution
		SolutionGuid = {5D4EEBB4-CE76-4B17-836E-268DA0058236}
	EndGlobalSection
EndGlobal
